
Microsoft Visual Studio Solution File, Format Version 12.00
# Visual Studio Version 17
VisualStudioVersion = 17.0.31912.275
MinimumVisualStudioVersion = 10.0.40219.1
Project("{FAE04EC0-301F-11D3-BF4B-00C04F79EFBC}") = "GitIntro", "GitIntro.csproj", "{8852BA1C-790E-416A-AE82-B107C50C93E6}"
EndProject
Global
	GlobalSection(SolutionConfigurationPlatforms) = preSolution
		Debug|Any CPU = Debug|Any CPU
		Release|Any CPU = Release|Any CPU
	EndGlobalSection
	GlobalSection(ProjectConfigurationPlatforms) = postSolution
		{8852BA1C-790E-416A-AE82-B107C50C93E6}.Debug|Any CPU.ActiveCfg = Debug|Any CPU
		{8852BA1C-790E-416A-AE82-B107C50C93E6}.Debug|Any CPU.Build.0 = Debug|Any CPU
		{8852BA1C-790E-416A-AE82-B107C50C93E6}.Release|Any CPU.ActiveCfg = Release|Any CPU
		{8852BA1C-790E-416A-AE82-B107C50C93E6}.Release|Any CPU.Build.0 = Release|Any CPU
	EndGlobalSection
	GlobalSection(SolutionProperties) = preSolution
		HideSolutionNode = FALSE
	EndGlobalSection
	GlobalSection(ExtensibilityGlobals) = postSolution
		SolutionGuid = {8289DD9D-BBB2-41B4-A0DA-7E3455DD8F1F}
	EndGlobalSection
EndGlobal
